
Microsoft Visual Studio Solution File, Format Version 12.00
# Visual Studio Version 16
VisualStudioVersion = 16.0.30225.117
MinimumVisualStudioVersion = 10.0.40219.1
Project("{FAE04EC0-301F-11D3-BF4B-00C04F79EFBC}") = "SQLiteTest", "SQLiteTest\SQLiteTest.csproj", "{FC6FC6D3-C9A1-4BB9-936A-E52609C502A4}"
EndProject
Project("{FAE04EC0-301F-11D3-BF4B-00C04F79EFBC}") = "DemoLibrary", "DemoLibrary\DemoLibrary.csproj", "{59B5E14F-D66F-44D4-AB71-45297D624637}"
EndProject
Global
	GlobalSection(SolutionConfigurationPlatforms) = preSolution
		Debug|Any CPU = Debug|Any CPU
		Release|Any CPU = Release|Any CPU
	EndGlobalSection
	GlobalSection(ProjectConfigurationPlatforms) = postSolution
		{FC6FC6D3-C9A1-4BB9-936A-E52609C502A4}.Debug|Any CPU.ActiveCfg = Debug|Any CPU
		{FC6FC6D3-C9A1-4BB9-936A-E52609C502A4}.Debug|Any CPU.Build.0 = Debug|Any CPU
		{FC6FC6D3-C9A1-4BB9-936A-E52609C502A4}.Release|Any CPU.ActiveCfg = Release|Any CPU
		{FC6FC6D3-C9A1-4BB9-936A-E52609C502A4}.Release|Any CPU.Build.0 = Release|Any CPU
		{59B5E14F-D66F-44D4-AB71-45297D624637}.Debug|Any CPU.ActiveCfg = Debug|Any CPU
		{59B5E14F-D66F-44D4-AB71-45297D624637}.Debug|Any CPU.Build.0 = Debug|Any CPU
		{59B5E14F-D66F-44D4-AB71-45297D624637}.Release|Any CPU.ActiveCfg = Release|Any CPU
		{59B5E14F-D66F-44D4-AB71-45297D624637}.Release|Any CPU.Build.0 = Release|Any CPU
	EndGlobalSection
	GlobalSection(SolutionProperties) = preSolution
		HideSolutionNode = FALSE
	EndGlobalSection
	GlobalSection(ExtensibilityGlobals) = postSolution
		SolutionGuid = {4AED641A-A94B-4F0E-A5C2-238ED2B2E2D2}
	EndGlobalSection
EndGlobal
